// !$*UTF8*$!
{
	archiveVersion = 1;
	classes = {
	};
	objectVersion = 46;
	objects = {

/* Begin PBXBuildFile section */
		2809D3DC1F6AC1EB0089FB92 /* AppDelegate.swift in Sources */ = {isa = PBXBuildFile; fileRef = 2809D3DB1F6AC1EB0089FB92 /* AppDelegate.swift */; };
		2809D3DE1F6AC1EB0089FB92 /* MemeEditorViewController.swift in Sources */ = {isa = PBXBuildFile; fileRef = 2809D3DD1F6AC1EB0089FB92 /* MemeEditorViewController.swift */; };
		2809D3E11F6AC1EB0089FB92 /* Main.storyboard in Resources */ = {isa = PBXBuildFile; fileRef = 2809D3DF1F6AC1EB0089FB92 /* Main.storyboard */; };
		2809D3E31F6AC1EB0089FB92 /* Assets.xcassets in Resources */ = {isa = PBXBuildFile; fileRef = 2809D3E21F6AC1EB0089FB92 /* Assets.xcassets */; };
		2809D3E61F6AC1EB0089FB92 /* LaunchScreen.storyboard in Resources */ = {isa = PBXBuildFile; fileRef = 2809D3E41F6AC1EB0089FB92 /* LaunchScreen.storyboard */; };
		2809D3F11F6AC1EB0089FB92 /* MemeMeTests.swift in Sources */ = {isa = PBXBuildFile; fileRef = 2809D3F01F6AC1EB0089FB92 /* MemeMeTests.swift */; };
		2809D3FC1F6AC1EC0089FB92 /* MemeMeUITests.swift in Sources */ = {isa = PBXBuildFile; fileRef = 2809D3FB1F6AC1EC0089FB92 /* MemeMeUITests.swift */; };
		286332591F76FD0C00285C9A /* Meme.swift in Sources */ = {isa = PBXBuildFile; fileRef = 286332581F76FD0C00285C9A /* Meme.swift */; };
/* End PBXBuildFile section */

/* Begin PBXContainerItemProxy section */
		2809D3ED1F6AC1EB0089FB92 /* PBXContainerItemProxy */ = {
			isa = PBXContainerItemProxy;
			containerPortal = 2809D3D01F6AC1EB0089FB92 /* Project object */;
			proxyType = 1;
			remoteGlobalIDString = 2809D3D71F6AC1EB0089FB92;
			remoteInfo = MemeMe;
		};
		2809D3F81F6AC1EB0089FB92 /* PBXContainerItemProxy */ = {
			isa = PBXContainerItemProxy;
			containerPortal = 2809D3D01F6AC1EB0089FB92 /* Project object */;
			proxyType = 1;
			remoteGlobalIDString = 2809D3D71F6AC1EB0089FB92;
			remoteInfo = MemeMe;
		};
/* End PBXContainerItemProxy section */

/* Begin PBXFileReference section */
		2809D3D81F6AC1EB0089FB92 /* MemeMe.app */ = {isa = PBXFileReference; explicitFileType = wrapper.application; includeInIndex = 0; path = MemeMe.app; sourceTree = BUILT_PRODUCTS_DIR; };
		2809D3DB1F6AC1EB0089FB92 /* AppDelegate.swift */ = {isa = PBXFileReference; lastKnownFileType = sourcecode.swift; path = AppDelegate.swift; sourceTree = "<group>"; };
		2809D3DD1F6AC1EB0089FB92 /* MemeEditorViewController.swift */ = {isa = PBXFileReference; lastKnownFileType = sourcecode.swift; path = MemeEditorViewController.swift; sourceTree = "<group>"; };
		2809D3E01F6AC1EB0089FB92 /* Base */ = {isa = PBXFileReference; lastKnownFileType = file.storyboard; name = Base; path = Base.lproj/Main.storyboard; sourceTree = "<group>"; };
		2809D3E21F6AC1EB0089FB92 /* Assets.xcassets */ = {isa = PBXFileReference; lastKnownFileType = folder.assetcatalog; path = Assets.xcassets; sourceTree = "<group>"; };
		2809D3E51F6AC1EB0089FB92 /* Base */ = {isa = PBXFileReference; lastKnownFileType = file.storyboard; name = Base; path = Base.lproj/LaunchScreen.storyboard; sourceTree = "<group>"; };
		2809D3E71F6AC1EB0089FB92 /* Info.plist */ = {isa = PBXFileReference; lastKnownFileType = text.plist.xml; path = Info.plist; sourceTree = "<group>"; };
		2809D3EC1F6AC1EB0089FB92 /* MemeMeTests.xctest */ = {isa = PBXFileReference; explicitFileType = wrapper.cfbundle; includeInIndex = 0; path = MemeMeTests.xctest; sourceTree = BUILT_PRODUCTS_DIR; };
		2809D3F01F6AC1EB0089FB92 /* MemeMeTests.swift */ = {isa = PBXFileReference; lastKnownFileType = sourcecode.swift; path = MemeMeTests.swift; sourceTree = "<group>"; };
		2809D3F21F6AC1EB0089FB92 /* Info.plist */ = {isa = PBXFileReference; lastKnownFileType = text.plist.xml; path = Info.plist; sourceTree = "<group>"; };
		2809D3F71F6AC1EB0089FB92 /* MemeMeUITests.xctest */ = {isa = PBXFileReference; explicitFileType = wrapper.cfbundle; includeInIndex = 0; path = MemeMeUITests.xctest; sourceTree = BUILT_PRODUCTS_DIR; };
		2809D3FB1F6AC1EC0089FB92 /* MemeMeUITests.swift */ = {isa = PBXFileReference; lastKnownFileType = sourcecode.swift; path = MemeMeUITests.swift; sourceTree = "<group>"; };
		2809D3FD1F6AC1EC0089FB92 /* Info.plist */ = {isa = PBXFileReference; lastKnownFileType = text.plist.xml; path = Info.plist; sourceTree = "<group>"; };
		286332581F76FD0C00285C9A /* Meme.swift */ = {isa = PBXFileReference; lastKnownFileType = sourcecode.swift; path = Meme.swift; sourceTree = "<group>"; };
/* End PBXFileReference section */

/* Begin PBXFrameworksBuildPhase section */
		2809D3D51F6AC1EB0089FB92 /* Frameworks */ = {
			isa = PBXFrameworksBuildPhase;
			buildActionMask = 2147483647;
			files = (
			);
			runOnlyForDeploymentPostprocessing = 0;
		};
		2809D3E91F6AC1EB0089FB92 /* Frameworks */ = {
			isa = PBXFrameworksBuildPhase;
			buildActionMask = 2147483647;
			files = (
			);
			runOnlyForDeploymentPostprocessing = 0;
		};
		2809D3F41F6AC1EB0089FB92 /* Frameworks */ = {
			isa = PBXFrameworksBuildPhase;
			buildActionMask = 2147483647;
			files = (
			);
			runOnlyForDeploymentPostprocessing = 0;
		};
/* End PBXFrameworksBuildPhase section */

/* Begin PBXGroup section */
		2809D3CF1F6AC1EB0089FB92 = {
			isa = PBXGroup;
			children = (
				2809D3DA1F6AC1EB0089FB92 /* MemeMe */,
				2809D3EF1F6AC1EB0089FB92 /* MemeMeTests */,
				2809D3FA1F6AC1EC0089FB92 /* MemeMeUITests */,
				2809D3D91F6AC1EB0089FB92 /* Products */,
			);
			sourceTree = "<group>";
		};
		2809D3D91F6AC1EB0089FB92 /* Products */ = {
			isa = PBXGroup;
			children = (
				2809D3D81F6AC1EB0089FB92 /* MemeMe.app */,
				2809D3EC1F6AC1EB0089FB92 /* MemeMeTests.xctest */,
				2809D3F71F6AC1EB0089FB92 /* MemeMeUITests.xctest */,
			);
			name = Products;
			sourceTree = "<group>";
		};
		2809D3DA1F6AC1EB0089FB92 /* MemeMe */ = {
			isa = PBXGroup;
			children = (
				286332571F76FCE600285C9A /* Model */,
				2809D3DB1F6AC1EB0089FB92 /* AppDelegate.swift */,
				2809D3DD1F6AC1EB0089FB92 /* MemeEditorViewController.swift */,
				2809D3DF1F6AC1EB0089FB92 /* Main.storyboard */,
				2809D3E21F6AC1EB0089FB92 /* Assets.xcassets */,
				2809D3E41F6AC1EB0089FB92 /* LaunchScreen.storyboard */,
				2809D3E71F6AC1EB0089FB92 /* Info.plist */,
			);
			path = MemeMe;
			sourceTree = "<group>";
		};
		2809D3EF1F6AC1EB0089FB92 /* MemeMeTests */ = {
			isa = PBXGroup;
			children = (
				2809D3F01F6AC1EB0089FB92 /* MemeMeTests.swift */,
				2809D3F21F6AC1EB0089FB92 /* Info.plist */,
			);
			path = MemeMeTests;
			sourceTree = "<group>";
		};
		2809D3FA1F6AC1EC0089FB92 /* MemeMeUITests */ = {
			isa = PBXGroup;
			children = (
				2809D3FB1F6AC1EC0089FB92 /* MemeMeUITests.swift */,
				2809D3FD1F6AC1EC0089FB92 /* Info.plist */,
			);
			path = MemeMeUITests;
			sourceTree = "<group>";
		};
		286332571F76FCE600285C9A /* Model */ = {
			isa = PBXGroup;
			children = (
				286332581F76FD0C00285C9A /* Meme.swift */,
			);
			path = Model;
			sourceTree = "<group>";
		};
/* End PBXGroup section */

/* Begin PBXNativeTarget section */
		2809D3D71F6AC1EB0089FB92 /* MemeMe */ = {
			isa = PBXNativeTarget;
			buildConfigurationList = 2809D4001F6AC1EC0089FB92 /* Build configuration list for PBXNativeTarget "MemeMe" */;
			buildPhases = (
				2809D3D41F6AC1EB0089FB92 /* Sources */,
				2809D3D51F6AC1EB0089FB92 /* Frameworks */,
				2809D3D61F6AC1EB0089FB92 /* Resources */,
			);
			buildRules = (
			);
			dependencies = (
			);
			name = MemeMe;
			productName = MemeMe;
			productReference = 2809D3D81F6AC1EB0089FB92 /* MemeMe.app */;
			productType = "com.apple.product-type.application";
		};
		2809D3EB1F6AC1EB0089FB92 /* MemeMeTests */ = {
			isa = PBXNativeTarget;
			buildConfigurationList = 2809D4031F6AC1EC0089FB92 /* Build configuration list for PBXNativeTarget "MemeMeTests" */;
			buildPhases = (
				2809D3E81F6AC1EB0089FB92 /* Sources */,
				2809D3E91F6AC1EB0089FB92 /* Frameworks */,
				2809D3EA1F6AC1EB0089FB92 /* Resources */,
			);
			buildRules = (
			);
			dependencies = (
				2809D3EE1F6AC1EB0089FB92 /* PBXTargetDependency */,
			);
			name = MemeMeTests;
			productName = MemeMeTests;
			productReference = 2809D3EC1F6AC1EB0089FB92 /* MemeMeTests.xctest */;
			productType = "com.apple.product-type.bundle.unit-test";
		};
		2809D3F61F6AC1EB0089FB92 /* MemeMeUITests */ = {
			isa = PBXNativeTarget;
			buildConfigurationList = 2809D4061F6AC1EC0089FB92 /* Build configuration list for PBXNativeTarget "MemeMeUITests" */;
			buildPhases = (
				2809D3F31F6AC1EB0089FB92 /* Sources */,
				2809D3F41F6AC1EB0089FB92 /* Frameworks */,
				2809D3F51F6AC1EB0089FB92 /* Resources */,
			);
			buildRules = (
			);
			dependencies = (
				2809D3F91F6AC1EB0089FB92 /* PBXTargetDependency */,
			);
			name = MemeMeUITests;
			productName = MemeMeUITests;
			productReference = 2809D3F71F6AC1EB0089FB92 /* MemeMeUITests.xctest */;
			productType = "com.apple.product-type.bundle.ui-testing";
		};
/* End PBXNativeTarget section */

/* Begin PBXProject section */
		2809D3D01F6AC1EB0089FB92 /* Project object */ = {
			isa = PBXProject;
			attributes = {
				LastSwiftUpdateCheck = 0830;
				LastUpgradeCheck = 0830;
				ORGANIZATIONNAME = "Lester Batres";
				TargetAttributes = {
					2809D3D71F6AC1EB0089FB92 = {
						CreatedOnToolsVersion = 8.3.3;
						DevelopmentTeam = 8Z3Q7H3HM3;
						ProvisioningStyle = Manual;
					};
					2809D3EB1F6AC1EB0089FB92 = {
						CreatedOnToolsVersion = 8.3.3;
						ProvisioningStyle = Automatic;
						TestTargetID = 2809D3D71F6AC1EB0089FB92;
					};
					2809D3F61F6AC1EB0089FB92 = {
						CreatedOnToolsVersion = 8.3.3;
						ProvisioningStyle = Automatic;
						TestTargetID = 2809D3D71F6AC1EB0089FB92;
					};
				};
			};
			buildConfigurationList = 2809D3D31F6AC1EB0089FB92 /* Build configuration list for PBXProject "MemeMe" */;
			compatibilityVersion = "Xcode 3.2";
			developmentRegion = English;
			hasScannedForEncodings = 0;
			knownRegions = (
				en,
				Base,
			);
			mainGroup = 2809D3CF1F6AC1EB0089FB92;
			productRefGroup = 2809D3D91F6AC1EB0089FB92 /* Products */;
			projectDirPath = "";
			projectRoot = "";
			targets = (
				2809D3D71F6AC1EB0089FB92 /* MemeMe */,
				2809D3EB1F6AC1EB0089FB92 /* MemeMeTests */,
				2809D3F61F6AC1EB0089FB92 /* MemeMeUITests */,
			);
		};
/* End PBXProject section */

/* Begin PBXResourcesBuildPhase section */
		2809D3D61F6AC1EB0089FB92 /* Resources */ = {
			isa = PBXResourcesBuildPhase;
			buildActionMask = 2147483647;
			files = (
				2809D3E61F6AC1EB0089FB92 /* LaunchScreen.storyboard in Resources */,
				2809D3E31F6AC1EB0089FB92 /* Assets.xcassets in Resources */,
				2809D3E11F6AC1EB0089FB92 /* Main.storyboard in Resources */,
			);
			runOnlyForDeploymentPostprocessing = 0;
		};
		2809D3EA1F6AC1EB0089FB92 /* Resources */ = {
			isa = PBXResourcesBuildPhase;
			buildActionMask = 2147483647;
			files = (
			);
			runOnlyForDeploymentPostprocessing = 0;
		};
		2809D3F51F6AC1EB0089FB92 /* Resources */ = {
			isa = PBXResourcesBuildPhase;
			buildActionMask = 2147483647;
			files = (
			);
			runOnlyForDeploymentPostprocessing = 0;
		};
/* End PBXResourcesBuildPhase section */

/* Begin PBXSourcesBuildPhase section */
		2809D3D41F6AC1EB0089FB92 /* Sources */ = {
			isa = PBXSourcesBuildPhase;
			buildActionMask = 2147483647;
			files = (
				286332591F76FD0C00285C9A /* Meme.swift in Sources */,
				2809D3DE1F6AC1EB0089FB92 /* MemeEditorViewController.swift in Sources */,
				2809D3DC1F6AC1EB0089FB92 /* AppDelegate.swift in Sources */,
			);
			runOnlyForDeploymentPostprocessing = 0;
		};
		2809D3E81F6AC1EB0089FB92 /* Sources */ = {
			isa = PBXSourcesBuildPhase;
			buildActionMask = 2147483647;
			files = (
				2809D3F11F6AC1EB0089FB92 /* MemeMeTests.swift in Sources */,
			);
			runOnlyForDeploymentPostprocessing = 0;
		};
		2809D3F31F6AC1EB0089FB92 /* Sources */ = {
			isa = PBXSourcesBuildPhase;
			buildActionMask = 2147483647;
			files = (
				2809D3FC1F6AC1EC0089FB92 /* MemeMeUITests.swift in Sources */,
			);
			runOnlyForDeploymentPostprocessing = 0;
		};
/* End PBXSourcesBuildPhase section */

/* Begin PBXTargetDependency section */
		2809D3EE1F6AC1EB0089FB92 /* PBXTargetDependency */ = {
			isa = PBXTargetDependency;
			target = 2809D3D71F6AC1EB0089FB92 /* MemeMe */;
			targetProxy = 2809D3ED1F6AC1EB0089FB92 /* PBXContainerItemProxy */;
		};
		2809D3F91F6AC1EB0089FB92 /* PBXTargetDependency */ = {
			isa = PBXTargetDependency;
			target = 2809D3D71F6AC1EB0089FB92 /* MemeMe */;
			targetProxy = 2809D3F81F6AC1EB0089FB92 /* PBXContainerItemProxy */;
		};
/* End PBXTargetDependency section */

/* Begin PBXVariantGroup section */
		2809D3DF1F6AC1EB0089FB92 /* Main.storyboard */ = {
			isa = PBXVariantGroup;
			children = (
				2809D3E01F6AC1EB0089FB92 /* Base */,
			);
			name = Main.storyboard;
			sourceTree = "<group>";
		};
		2809D3E41F6AC1EB0089FB92 /* LaunchScreen.storyboard */ = {
			isa = PBXVariantGroup;
			children = (
				2809D3E51F6AC1EB0089FB92 /* Base */,
			);
			name = LaunchScreen.storyboard;
			sourceTree = "<group>";
		};
/* End PBXVariantGroup section */

/* Begin XCBuildConfiguration section */
		2809D3FE1F6AC1EC0089FB92 /* Debug */ = {
			isa = XCBuildConfiguration;
			buildSettings = {
				ALWAYS_SEARCH_USER_PATHS = NO;
				CLANG_ANALYZER_NONNULL = YES;
				CLANG_ANALYZER_NUMBER_OBJECT_CONVERSION = YES_AGGRESSIVE;
				CLANG_CXX_LANGUAGE_STANDARD = "gnu++0x";
				CLANG_CXX_LIBRARY = "libc++";
				CLANG_ENABLE_MODULES = YES;
				CLANG_ENABLE_OBJC_ARC = YES;
				CLANG_WARN_BOOL_CONVERSION = YES;
				CLANG_WARN_CONSTANT_CONVERSION = YES;
				CLANG_WARN_DIRECT_OBJC_ISA_USAGE = YES_ERROR;
				CLANG_WARN_DOCUMENTATION_COMMENTS = YES;
				CLANG_WARN_EMPTY_BODY = YES;
				CLANG_WARN_ENUM_CONVERSION = YES;
				CLANG_WARN_INFINITE_RECURSION = YES;
				CLANG_WARN_INT_CONVERSION = YES;
				CLANG_WARN_OBJC_ROOT_CLASS = YES_ERROR;
				CLANG_WARN_SUSPICIOUS_MOVE = YES;
				CLANG_WARN_UNREACHABLE_CODE = YES;
				CLANG_WARN__DUPLICATE_METHOD_MATCH = YES;
				"CODE_SIGN_IDENTITY[sdk=iphoneos*]" = "iPhone Developer";
				COPY_PHASE_STRIP = NO;
				DEBUG_INFORMATION_FORMAT = dwarf;
				ENABLE_STRICT_OBJC_MSGSEND = YES;
				ENABLE_TESTABILITY = YES;
				GCC_C_LANGUAGE_STANDARD = gnu99;
				GCC_DYNAMIC_NO_PIC = NO;
				GCC_NO_COMMON_BLOCKS = YES;
				GCC_OPTIMIZATION_LEVEL = 0;
				GCC_PREPROCESSOR_DEFINITIONS = (
					"DEBUG=1",
					"$(inherited)",
				);
				GCC_WARN_64_TO_32_BIT_CONVERSION = YES;
				GCC_WARN_ABOUT_RETURN_TYPE = YES_ERROR;
				GCC_WARN_UNDECLARED_SELECTOR = YES;
				GCC_WARN_UNINITIALIZED_AUTOS = YES_AGGRESSIVE;
				GCC_WARN_UNUSED_FUNCTION = YES;
				GCC_WARN_UNUSED_VARIABLE = YES;
				IPHONEOS_DEPLOYMENT_TARGET = 10.3;
				MTL_ENABLE_DEBUG_INFO = YES;
				ONLY_ACTIVE_ARCH = YES;
				SDKROOT = iphoneos;
				SWIFT_ACTIVE_COMPILATION_CONDITIONS = DEBUG;
				SWIFT_OPTIMIZATION_LEVEL = "-Onone";
				TARGETED_DEVICE_FAMILY = "1,2";
			};
			name = Debug;
		};
		2809D3FF1F6AC1EC0089FB92 /* Release */ = {
			isa = XCBuildConfiguration;
			buildSettings = {
				ALWAYS_SEARCH_USER_PATHS = NO;
				CLANG_ANALYZER_NONNULL = YES;
				CLANG_ANALYZER_NUMBER_OBJECT_CONVERSION = YES_AGGRESSIVE;
				CLANG_CXX_LANGUAGE_STANDARD = "gnu++0x";
				CLANG_CXX_LIBRARY = "libc++";
				CLANG_ENABLE_MODULES = YES;
				CLANG_ENABLE_OBJC_ARC = YES;
				CLANG_WARN_BOOL_CONVERSION = YES;
				CLANG_WARN_CONSTANT_CONVERSION = YES;
				CLANG_WARN_DIRECT_OBJC_ISA_USAGE = YES_ERROR;
				CLANG_WARN_DOCUMENTATION_COMMENTS = YES;
				CLANG_WARN_EMPTY_BODY = YES;
				CLANG_WARN_ENUM_CONVERSION = YES;
				CLANG_WARN_INFINITE_RECURSION = YES;
				CLANG_WARN_INT_CONVERSION = YES;
				CLANG_WARN_OBJC_ROOT_CLASS = YES_ERROR;
				CLANG_WARN_SUSPICIOUS_MOVE = YES;
				CLANG_WARN_UNREACHABLE_CODE = YES;
				CLANG_WARN__DUPLICATE_METHOD_MATCH = YES;
				"CODE_SIGN_IDENTITY[sdk=iphoneos*]" = "iPhone Developer";
				COPY_PHASE_STRIP = NO;
				DEBUG_INFORMATION_FORMAT = "dwarf-with-dsym";
				ENABLE_NS_ASSERTIONS = NO;
				ENABLE_STRICT_OBJC_MSGSEND = YES;
				GCC_C_LANGUAGE_STANDARD = gnu99;
				GCC_NO_COMMON_BLOCKS = YES;
				GCC_WARN_64_TO_32_BIT_CONVERSION = YES;
				GCC_WARN_ABOUT_RETURN_TYPE = YES_ERROR;
				GCC_WARN_UNDECLARED_SELECTOR = YES;
				GCC_WARN_UNINITIALIZED_AUTOS = YES_AGGRESSIVE;
				GCC_WARN_UNUSED_FUNCTION = YES;
				GCC_WARN_UNUSED_VARIABLE = YES;
				IPHONEOS_DEPLOYMENT_TARGET = 10.3;
				MTL_ENABLE_DEBUG_INFO = NO;
				SDKROOT = iphoneos;
				SWIFT_OPTIMIZATION_LEVEL = "-Owholemodule";
				TARGETED_DEVICE_FAMILY = "1,2";
				VALIDATE_PRODUCT = YES;
			};
			name = Release;
		};
		2809D4011F6AC1EC0089FB92 /* Debug */ = {
			isa = XCBuildConfiguration;
			buildSettings = {
				ASSETCATALOG_COMPILER_APPICON_NAME = AppIcon;
				DEVELOPMENT_TEAM = 8Z3Q7H3HM3;
				INFOPLIST_FILE = MemeMe/Info.plist;
				LD_RUNPATH_SEARCH_PATHS = "$(inherited) @executable_path/Frameworks";
				PRODUCT_BUNDLE_IDENTIFIER = com.lester.MemeMe;
				PRODUCT_NAME = "$(TARGET_NAME)";
				PROVISIONING_PROFILE = "4f3cfc8b-8d10-442d-aee6-c50f63eecada";
				PROVISIONING_PROFILE_SPECIFIER = Udacity_Projects_dev;
				SWIFT_VERSION = 3.0;
			};
			name = Debug;
		};
		2809D4021F6AC1EC0089FB92 /* Release */ = {
			isa = XCBuildConfiguration;
			buildSettings = {
				ASSETCATALOG_COMPILER_APPICON_NAME = AppIcon;
				DEVELOPMENT_TEAM = "";
				INFOPLIST_FILE = MemeMe/Info.plist;
				LD_RUNPATH_SEARCH_PATHS = "$(inherited) @executable_path/Frameworks";
				PRODUCT_BUNDLE_IDENTIFIER = com.lester.MemeMe;
				PRODUCT_NAME = "$(TARGET_NAME)";
				PROVISIONING_PROFILE_SPECIFIER = "";
				SWIFT_VERSION = 3.0;
			};
			name = Release;
		};
		2809D4041F6AC1EC0089FB92 /* Debug */ = {
			isa = XCBuildConfiguration;
			buildSettings = {
				ALWAYS_EMBED_SWIFT_STANDARD_LIBRARIES = YES;
				BUNDLE_LOADER = "$(TEST_HOST)";
				INFOPLIST_FILE = MemeMeTests/Info.plist;
				LD_RUNPATH_SEARCH_PATHS = "$(inherited) @executable_path/Frameworks @loader_path/Frameworks";
				PRODUCT_BUNDLE_IDENTIFIER = com.home.MemeMeTests;
				PRODUCT_NAME = "$(TARGET_NAME)";
				SWIFT_VERSION = 3.0;
				TEST_HOST = "$(BUILT_PRODUCTS_DIR)/MemeMe.app/MemeMe";
			};
			name = Debug;
		};
		2809D4051F6AC1EC0089FB92 /* Release */ = {
			isa = XCBuildConfiguration;
			buildSettings = {
				ALWAYS_EMBED_SWIFT_STANDARD_LIBRARIES = YES;
				BUNDLE_LOADER = "$(TEST_HOST)";
				INFOPLIST_FILE = MemeMeTests/Info.plist;
				LD_RUNPATH_SEARCH_PATHS = "$(inherited) @executable_path/Frameworks @loader_path/Frameworks";
				PRODUCT_BUNDLE_IDENTIFIER = com.home.MemeMeTests;
				PRODUCT_NAME = "$(TARGET_NAME)";
				SWIFT_VERSION = 3.0;
				TEST_HOST = "$(BUILT_PRODUCTS_DIR)/MemeMe.app/MemeMe";
			};
			name = Release;
		};
		2809D4071F6AC1EC0089FB92 /* Debug */ = {
			isa = XCBuildConfiguration;
			buildSettings = {
				ALWAYS_EMBED_SWIFT_STANDARD_LIBRARIES = YES;
				INFOPLIST_FILE = MemeMeUITests/Info.plist;
				LD_RUNPATH_SEARCH_PATHS = "$(inherited) @executable_path/Frameworks @loader_path/Frameworks";
				PRODUCT_BUNDLE_IDENTIFIER = com.home.MemeMeUITests;
				PRODUCT_NAME = "$(TARGET_NAME)";
				SWIFT_VERSION = 3.0;
				TEST_TARGET_NAME = MemeMe;
			};
			name = Debug;
		};
		2809D4081F6AC1EC0089FB92 /* Release */ = {
			isa = XCBuildConfiguration;
			buildSettings = {
				ALWAYS_EMBED_SWIFT_STANDARD_LIBRARIES = YES;
				INFOPLIST_FILE = MemeMeUITests/Info.plist;
				LD_RUNPATH_SEARCH_PATHS = "$(inherited) @executable_path/Frameworks @loader_path/Frameworks";
				PRODUCT_BUNDLE_IDENTIFIER = com.home.MemeMeUITests;
				PRODUCT_NAME = "$(TARGET_NAME)";
				SWIFT_VERSION = 3.0;
				TEST_TARGET_NAME = MemeMe;
			};
			name = Release;
		};
/* End XCBuildConfiguration section */

/* Begin XCConfigurationList section */
		2809D3D31F6AC1EB0089FB92 /* Build configuration list for PBXProject "MemeMe" */ = {
			isa = XCConfigurationList;
			buildConfigurations = (
				2809D3FE1F6AC1EC0089FB92 /* Debug */,
				2809D3FF1F6AC1EC0089FB92 /* Release */,
			);
			defaultConfigurationIsVisible = 0;
			defaultConfigurationName = Release;
		};
		2809D4001F6AC1EC0089FB92 /* Build configuration list for PBXNativeTarget "MemeMe" */ = {
			isa = XCConfigurationList;
			buildConfigurations = (
				2809D4011F6AC1EC0089FB92 /* Debug */,
				2809D4021F6AC1EC0089FB92 /* Release */,
			);
			defaultConfigurationIsVisible = 0;
			defaultConfigurationName = Release;
		};
		2809D4031F6AC1EC0089FB92 /* Build configuration list for PBXNativeTarget "MemeMeTests" */ = {
			isa = XCConfigurationList;
			buildConfigurations = (
				2809D4041F6AC1EC0089FB92 /* Debug */,
				2809D4051F6AC1EC0089FB92 /* Release */,
			);
			defaultConfigurationIsVisible = 0;
			defaultConfigurationName = Release;
		};
		2809D4061F6AC1EC0089FB92 /* Build configuration list for PBXNativeTarget "MemeMeUITests" */ = {
			isa = XCConfigurationList;
			buildConfigurations = (
				2809D4071F6AC1EC0089FB92 /* Debug */,
				2809D4081F6AC1EC0089FB92 /* Release */,
			);
			defaultConfigurationIsVisible = 0;
			defaultConfigurationName = Release;
		};
/* End XCConfigurationList section */
	};
	rootObject = 2809D3D01F6AC1EB0089FB92 /* Project object */;
}
